<Solution>
  <Folder Name="/BuildingBlocks/">
    <Project Path="BuildingBlocks/BuildingBlocks/BuildingBlocks.csproj" Id="0ca302fc-1d69-4a36-aecd-f245650833ee" />
  </Folder>
  <Folder Name="/Services/" />
  <Folder Name="/Services/Catalog/">
    <Project Path="Services/Catalog/Catalog.API/Catalog.API.csproj" Id="bb94ae26-9a3a-4332-a59c-07b64518ec72" />
  </Folder>
</Solution>
